// !$*UTF8*$!
{
	archiveVersion = 1;
	classes = {
	};
	objectVersion = 46;
	objects = {

/* Begin PBXBuildFile section */
		76D5140C1DA705F7008385BD /* main.m in Sources */ = {isa = PBXBuildFile; fileRef = 76D5140B1DA705F7008385BD /* main.m */; };
		76D5140F1DA705F7008385BD /* AppDelegate.m in Sources */ = {isa = PBXBuildFile; fileRef = 76D5140E1DA705F7008385BD /* AppDelegate.m */; };
		76D514121DA705F7008385BD /* ViewController.m in Sources */ = {isa = PBXBuildFile; fileRef = 76D514111DA705F7008385BD /* ViewController.m */; };
		76D514151DA705F7008385BD /* Main.storyboard in Resources */ = {isa = PBXBuildFile; fileRef = 76D514131DA705F7008385BD /* Main.storyboard */; };
		76D514171DA705F7008385BD /* Assets.xcassets in Resources */ = {isa = PBXBuildFile; fileRef = 76D514161DA705F7008385BD /* Assets.xcassets */; };
		76D5141A1DA705F7008385BD /* LaunchScreen.storyboard in Resources */ = {isa = PBXBuildFile; fileRef = 76D514181DA705F7008385BD /* LaunchScreen.storyboard */; };
/* End PBXBuildFile section */

/* Begin PBXFileReference section */
		76D514071DA705F7008385BD /* Tapper.app */ = {isa = PBXFileReference; explicitFileType = wrapper.application; includeInIndex = 0; path = Tapper.app; sourceTree = BUILT_PRODUCTS_DIR; };
		76D5140B1DA705F7008385BD /* main.m */ = {isa = PBXFileReference; lastKnownFileType = sourcecode.c.objc; path = main.m; sourceTree = "<group>"; };
		76D5140D1DA705F7008385BD /* AppDelegate.h */ = {isa = PBXFileReference; lastKnownFileType = sourcecode.c.h; path = AppDelegate.h; sourceTree = "<group>"; };
		76D5140E1DA705F7008385BD /* AppDelegate.m */ = {isa = PBXFileReference; lastKnownFileType = sourcecode.c.objc; path = AppDelegate.m; sourceTree = "<group>"; };
		76D514101DA705F7008385BD /* ViewController.h */ = {isa = PBXFileReference; lastKnownFileType = sourcecode.c.h; path = ViewController.h; sourceTree = "<group>"; };
		76D514111DA705F7008385BD /* ViewController.m */ = {isa = PBXFileReference; lastKnownFileType = sourcecode.c.objc; path = ViewController.m; sourceTree = "<group>"; };
		76D514141DA705F7008385BD /* Base */ = {isa = PBXFileReference; lastKnownFileType = file.storyboard; name = Base; path = Base.lproj/Main.storyboard; sourceTree = "<group>"; };
		76D514161DA705F7008385BD /* Assets.xcassets */ = {isa = PBXFileReference; lastKnownFileType = folder.assetcatalog; path = Assets.xcassets; sourceTree = "<group>"; };
		76D514191DA705F7008385BD /* Base */ = {isa = PBXFileReference; lastKnownFileType = file.storyboard; name = Base; path = Base.lproj/LaunchScreen.storyboard; sourceTree = "<group>"; };
		76D5141B1DA705F7008385BD /* Info.plist */ = {isa = PBXFileReference; lastKnownFileType = text.plist.xml; path = Info.plist; sourceTree = "<group>"; };
/* End PBXFileReference section */

/* Begin PBXFrameworksBuildPhase section */
		76D514041DA705F7008385BD /* Frameworks */ = {
			isa = PBXFrameworksBuildPhase;
			buildActionMask = 2147483647;
			files = (
			);
			runOnlyForDeploymentPostprocessing = 0;
		};
/* End PBXFrameworksBuildPhase section */

/* Begin PBXGroup section */
		76D513FE1DA705F7008385BD = {
			isa = PBXGroup;
			children = (
				76D514091DA705F7008385BD /* Tapper */,
				76D514081DA705F7008385BD /* Products */,
			);
			sourceTree = "<group>";
		};
		76D514081DA705F7008385BD /* Products */ = {
			isa = PBXGroup;
			children = (
				76D514071DA705F7008385BD /* Tapper.app */,
			);
			name = Products;
			sourceTree = "<group>";
		};
		76D514091DA705F7008385BD /* Tapper */ = {
			isa = PBXGroup;
			children = (
				76D5140D1DA705F7008385BD /* AppDelegate.h */,
				76D5140E1DA705F7008385BD /* AppDelegate.m */,
				76D514101DA705F7008385BD /* ViewController.h */,
				76D514111DA705F7008385BD /* ViewController.m */,
				76D514131DA705F7008385BD /* Main.storyboard */,
				76D514161DA705F7008385BD /* Assets.xcassets */,
				76D514181DA705F7008385BD /* LaunchScreen.storyboard */,
				76D5141B1DA705F7008385BD /* Info.plist */,
				76D5140A1DA705F7008385BD /* Supporting Files */,
			);
			path = Tapper;
			sourceTree = "<group>";
		};
		76D5140A1DA705F7008385BD /* Supporting Files */ = {
			isa = PBXGroup;
			children = (
				76D5140B1DA705F7008385BD /* main.m */,
			);
			name = "Supporting Files";
			sourceTree = "<group>";
		};
/* End PBXGroup section */

/* Begin PBXNativeTarget section */
		76D514061DA705F7008385BD /* Tapper */ = {
			isa = PBXNativeTarget;
			buildConfigurationList = 76D5141E1DA705F7008385BD /* Build configuration list for PBXNativeTarget "Tapper" */;
			buildPhases = (
				76D514031DA705F7008385BD /* Sources */,
				76D514041DA705F7008385BD /* Frameworks */,
				76D514051DA705F7008385BD /* Resources */,
			);
			buildRules = (
			);
			dependencies = (
			);
			name = Tapper;
			productName = Tapper;
			productReference = 76D514071DA705F7008385BD /* Tapper.app */;
			productType = "com.apple.product-type.application";
		};
/* End PBXNativeTarget section */

/* Begin PBXProject section */
		76D513FF1DA705F7008385BD /* Project object */ = {
			isa = PBXProject;
			attributes = {
				LastUpgradeCheck = 0800;
				ORGANIZATIONNAME = BoogieSquad;
				TargetAttributes = {
					76D514061DA705F7008385BD = {
						CreatedOnToolsVersion = 8.0;
						DevelopmentTeam = G57AD7E667;
						ProvisioningStyle = Automatic;
					};
				};
			};
			buildConfigurationList = 76D514021DA705F7008385BD /* Build configuration list for PBXProject "Tapper" */;
			compatibilityVersion = "Xcode 3.2";
			developmentRegion = English;
			hasScannedForEncodings = 0;
			knownRegions = (
				en,
				Base,
			);
			mainGroup = 76D513FE1DA705F7008385BD;
			productRefGroup = 76D514081DA705F7008385BD /* Products */;
			projectDirPath = "";
			projectRoot = "";
			targets = (
				76D514061DA705F7008385BD /* Tapper */,
			);
		};
/* End PBXProject section */

/* Begin PBXResourcesBuildPhase section */
		76D514051DA705F7008385BD /* Resources */ = {
			isa = PBXResourcesBuildPhase;
			buildActionMask = 2147483647;
			files = (
				76D5141A1DA705F7008385BD /* LaunchScreen.storyboard in Resources */,
				76D514171DA705F7008385BD /* Assets.xcassets in Resources */,
				76D514151DA705F7008385BD /* Main.storyboard in Resources */,
			);
			runOnlyForDeploymentPostprocessing = 0;
		};
/* End PBXResourcesBuildPhase section */

/* Begin PBXSourcesBuildPhase section */
		76D514031DA705F7008385BD /* Sources */ = {
			isa = PBXSourcesBuildPhase;
			buildActionMask = 2147483647;
			files = (
				76D514121DA705F7008385BD /* ViewController.m in Sources */,
				76D5140F1DA705F7008385BD /* AppDelegate.m in Sources */,
				76D5140C1DA705F7008385BD /* main.m in Sources */,
			);
			runOnlyForDeploymentPostprocessing = 0;
		};
/* End PBXSourcesBuildPhase section */

/* Begin PBXVariantGroup section */
		76D514131DA705F7008385BD /* Main.storyboard */ = {
			isa = PBXVariantGroup;
			children = (
				76D514141DA705F7008385BD /* Base */,
			);
			name = Main.storyboard;
			sourceTree = "<group>";
		};
		76D514181DA705F7008385BD /* LaunchScreen.storyboard */ = {
			isa = PBXVariantGroup;
			children = (
				76D514191DA705F7008385BD /* Base */,
			);
			name = LaunchScreen.storyboard;
			sourceTree = "<group>";
		};
/* End PBXVariantGroup section */

/* Begin XCBuildConfiguration section */
		76D5141C1DA705F7008385BD /* Debug */ = {
			isa = XCBuildConfiguration;
			buildSettings = {
				ALWAYS_SEARCH_USER_PATHS = NO;
				CLANG_ANALYZER_NONNULL = YES;
				CLANG_CXX_LANGUAGE_STANDARD = "gnu++0x";
				CLANG_CXX_LIBRARY = "libc++";
				CLANG_ENABLE_MODULES = YES;
				CLANG_ENABLE_OBJC_ARC = YES;
				CLANG_WARN_BOOL_CONVERSION = YES;
				CLANG_WARN_CONSTANT_CONVERSION = YES;
				CLANG_WARN_DIRECT_OBJC_ISA_USAGE = YES_ERROR;
				CLANG_WARN_DOCUMENTATION_COMMENTS = YES;
				CLANG_WARN_EMPTY_BODY = YES;
				CLANG_WARN_ENUM_CONVERSION = YES;
				CLANG_WARN_INFINITE_RECURSION = YES;
				CLANG_WARN_INT_CONVERSION = YES;
				CLANG_WARN_OBJC_ROOT_CLASS = YES_ERROR;
				CLANG_WARN_SUSPICIOUS_MOVES = YES;
				CLANG_WARN_UNREACHABLE_CODE = YES;
				CLANG_WARN__DUPLICATE_METHOD_MATCH = YES;
				"CODE_SIGN_IDENTITY[sdk=iphoneos*]" = "iPhone Developer";
				COPY_PHASE_STRIP = NO;
				DEBUG_INFORMATION_FORMAT = dwarf;
				ENABLE_STRICT_OBJC_MSGSEND = YES;
				ENABLE_TESTABILITY = YES;
				GCC_C_LANGUAGE_STANDARD = gnu99;
				GCC_DYNAMIC_NO_PIC = NO;
				GCC_NO_COMMON_BLOCKS = YES;
				GCC_OPTIMIZATION_LEVEL = 0;
				GCC_PREPROCESSOR_DEFINITIONS = (
					"DEBUG=1",
					"$(inherited)",
				);
				GCC_WARN_64_TO_32_BIT_CONVERSION = YES;
				GCC_WARN_ABOUT_RETURN_TYPE = YES_ERROR;
				GCC_WARN_UNDECLARED_SELECTOR = YES;
				GCC_WARN_UNINITIALIZED_AUTOS = YES_AGGRESSIVE;
				GCC_WARN_UNUSED_FUNCTION = YES;
				GCC_WARN_UNUSED_VARIABLE = YES;
				IPHONEOS_DEPLOYMENT_TARGET = 10.0;
				MTL_ENABLE_DEBUG_INFO = YES;
				ONLY_ACTIVE_ARCH = YES;
				SDKROOT = iphoneos;
				TARGETED_DEVICE_FAMILY = "1,2";
			};
			name = Debug;
		};
		76D5141D1DA705F7008385BD /* Release */ = {
			isa = XCBuildConfiguration;
			buildSettings = {
				ALWAYS_SEARCH_USER_PATHS = NO;
				CLANG_ANALYZER_NONNULL = YES;
				CLANG_CXX_LANGUAGE_STANDARD = "gnu++0x";
				CLANG_CXX_LIBRARY = "libc++";
				CLANG_ENABLE_MODULES = YES;
				CLANG_ENABLE_OBJC_ARC = YES;
				CLANG_WARN_BOOL_CONVERSION = YES;
				CLANG_WARN_CONSTANT_CONVERSION = YES;
				CLANG_WARN_DIRECT_OBJC_ISA_USAGE = YES_ERROR;
				CLANG_WARN_DOCUMENTATION_COMMENTS = YES;
				CLANG_WARN_EMPTY_BODY = YES;
				CLANG_WARN_ENUM_CONVERSION = YES;
				CLANG_WARN_INFINITE_RECURSION = YES;
				CLANG_WARN_INT_CONVERSION = YES;
				CLANG_WARN_OBJC_ROOT_CLASS = YES_ERROR;
				CLANG_WARN_SUSPICIOUS_MOVES = YES;
				CLANG_WARN_UNREACHABLE_CODE = YES;
				CLANG_WARN__DUPLICATE_METHOD_MATCH = YES;
				"CODE_SIGN_IDENTITY[sdk=iphoneos*]" = "iPhone Developer";
				COPY_PHASE_STRIP = NO;
				DEBUG_INFORMATION_FORMAT = "dwarf-with-dsym";
				ENABLE_NS_ASSERTIONS = NO;
				ENABLE_STRICT_OBJC_MSGSEND = YES;
				GCC_C_LANGUAGE_STANDARD = gnu99;
				GCC_NO_COMMON_BLOCKS = YES;
				GCC_WARN_64_TO_32_BIT_CONVERSION = YES;
				GCC_WARN_ABOUT_RETURN_TYPE = YES_ERROR;
				GCC_WARN_UNDECLARED_SELECTOR = YES;
				GCC_WARN_UNINITIALIZED_AUTOS = YES_AGGRESSIVE;
				GCC_WARN_UNUSED_FUNCTION = YES;
				GCC_WARN_UNUSED_VARIABLE = YES;
				IPHONEOS_DEPLOYMENT_TARGET = 10.0;
				MTL_ENABLE_DEBUG_INFO = NO;
				SDKROOT = iphoneos;
				TARGETED_DEVICE_FAMILY = "1,2";
				VALIDATE_PRODUCT = YES;
			};
			name = Release;
		};
		76D5141F1DA705F7008385BD /* Debug */ = {
			isa = XCBuildConfiguration;
			buildSettings = {
				ASSETCATALOG_COMPILER_APPICON_NAME = AppIcon;
				DEVELOPMENT_TEAM = G57AD7E667;
				INFOPLIST_FILE = Tapper/Info.plist;
				LD_RUNPATH_SEARCH_PATHS = "$(inherited) @executable_path/Frameworks";
				PRODUCT_BUNDLE_IDENTIFIER = "com.-BoogieSquad.Tapper";
				PRODUCT_NAME = "$(TARGET_NAME)";
			};
			name = Debug;
		};
		76D514201DA705F7008385BD /* Release */ = {
			isa = XCBuildConfiguration;
			buildSettings = {
				ASSETCATALOG_COMPILER_APPICON_NAME = AppIcon;
				DEVELOPMENT_TEAM = G57AD7E667;
				INFOPLIST_FILE = Tapper/Info.plist;
				LD_RUNPATH_SEARCH_PATHS = "$(inherited) @executable_path/Frameworks";
				PRODUCT_BUNDLE_IDENTIFIER = "com.-BoogieSquad.Tapper";
				PRODUCT_NAME = "$(TARGET_NAME)";
			};
			name = Release;
		};
/* End XCBuildConfiguration section */

/* Begin XCConfigurationList section */
		76D514021DA705F7008385BD /* Build configuration list for PBXProject "Tapper" */ = {
			isa = XCConfigurationList;
			buildConfigurations = (
				76D5141C1DA705F7008385BD /* Debug */,
				76D5141D1DA705F7008385BD /* Release */,
			);
			defaultConfigurationIsVisible = 0;
			defaultConfigurationName = Release;
		};
		76D5141E1DA705F7008385BD /* Build configuration list for PBXNativeTarget "Tapper" */ = {
			isa = XCConfigurationList;
			buildConfigurations = (
				76D5141F1DA705F7008385BD /* Debug */,
				76D514201DA705F7008385BD /* Release */,
			);
			defaultConfigurationIsVisible = 0;
		};
/* End XCConfigurationList section */
	};
	rootObject = 76D513FF1DA705F7008385BD /* Project object */;
}
